
Microsoft Visual Studio Solution File, Format Version 12.00
# Visual Studio Version 16
VisualStudioVersion = 16.0.29728.190
MinimumVisualStudioVersion = 10.0.40219.1
Project("{FAE04EC0-301F-11D3-BF4B-00C04F79EFBC}") = "PruebaTreda", "PruebaTreda\PruebaTreda.csproj", "{C540E3C3-A0BC-4498-862A-9DEEC411220D}"
EndProject
Project("{2150E333-8FDC-42A3-9474-1A3956D46DE8}") = "1 - Layers", "1 - Layers", "{62688F22-094A-4268-BFFC-0779F7A4D811}"
EndProject
Project("{2150E333-8FDC-42A3-9474-1A3956D46DE8}") = "1.1 DistributedServices", "1.1 DistributedServices", "{22C6060D-8CC2-4A14-A24C-6DC79CACA617}"
EndProject
Project("{2150E333-8FDC-42A3-9474-1A3956D46DE8}") = "1.2 Application", "1.2 Application", "{97B7D5AF-9783-4E78-BC2E-3CD04DB458A7}"
EndProject
Project("{2150E333-8FDC-42A3-9474-1A3956D46DE8}") = "1.3 Business", "1.3 Business", "{2015005A-F026-448D-9766-D759BE9CC6AF}"
EndProject
Project("{2150E333-8FDC-42A3-9474-1A3956D46DE8}") = "1.4 DataAccess", "1.4 DataAccess", "{A0A5C2F6-F3C4-47A7-94A0-CE99ED6DC0FD}"
EndProject
Project("{2150E333-8FDC-42A3-9474-1A3956D46DE8}") = "1.5 CrossCutting", "1.5 CrossCutting", "{6F377DF8-3B11-4296-900B-FEBB61B51832}"
EndProject
Project("{FAE04EC0-301F-11D3-BF4B-00C04F79EFBC}") = "Prueba.Trade.DataAccess", "Prueba.Trade.DataAccess\Prueba.Trade.DataAccess.csproj", "{239C9FC4-50B3-4FBF-BAA3-E26409ED358C}"
EndProject
Project("{FAE04EC0-301F-11D3-BF4B-00C04F79EFBC}") = "Prueba.Trade.DataAccess.Contracts", "Prueba.Trade.DataAccess.Contracts\Prueba.Trade.DataAccess.Contracts.csproj", "{3D204282-18CF-41B6-806F-A0B28038E799}"
EndProject
Project("{FAE04EC0-301F-11D3-BF4B-00C04F79EFBC}") = "Prueba.Trade.Business", "Prueba.Trade.Business\Prueba.Trade.Business.csproj", "{C4CA3488-B00D-4D56-9E13-F76B7AE79C92}"
EndProject
Project("{FAE04EC0-301F-11D3-BF4B-00C04F79EFBC}") = "Prueba.Trade.CrossCutting", "Prueba.Trade.CrossCutting\Prueba.Trade.CrossCutting.csproj", "{B7DFCA0F-3297-45DE-8877-1BAE11DDB39F}"
EndProject
Project("{FAE04EC0-301F-11D3-BF4B-00C04F79EFBC}") = "Prueba.Trade.Application", "Prueba.Trade.Application\Prueba.Trade.Application.csproj", "{57F651CF-A68F-4A8E-AD9A-68BA3EEBC7D5}"
EndProject
Project("{FAE04EC0-301F-11D3-BF4B-00C04F79EFBC}") = "Prueba.Trade.Application.Contracts", "Prueba.Trade.Application.Contracts\Prueba.Trade.Application.Contracts.csproj", "{26AEFDD8-C290-404D-A779-2E64B09C376B}"
EndProject
Global
	GlobalSection(SolutionConfigurationPlatforms) = preSolution
		Debug|Any CPU = Debug|Any CPU
		Release|Any CPU = Release|Any CPU
	EndGlobalSection
	GlobalSection(ProjectConfigurationPlatforms) = postSolution
		{C540E3C3-A0BC-4498-862A-9DEEC411220D}.Debug|Any CPU.ActiveCfg = Debug|Any CPU
		{C540E3C3-A0BC-4498-862A-9DEEC411220D}.Debug|Any CPU.Build.0 = Debug|Any CPU
		{C540E3C3-A0BC-4498-862A-9DEEC411220D}.Release|Any CPU.ActiveCfg = Release|Any CPU
		{C540E3C3-A0BC-4498-862A-9DEEC411220D}.Release|Any CPU.Build.0 = Release|Any CPU
		{239C9FC4-50B3-4FBF-BAA3-E26409ED358C}.Debug|Any CPU.ActiveCfg = Debug|Any CPU
		{239C9FC4-50B3-4FBF-BAA3-E26409ED358C}.Debug|Any CPU.Build.0 = Debug|Any CPU
		{239C9FC4-50B3-4FBF-BAA3-E26409ED358C}.Release|Any CPU.ActiveCfg = Release|Any CPU
		{239C9FC4-50B3-4FBF-BAA3-E26409ED358C}.Release|Any CPU.Build.0 = Release|Any CPU
		{3D204282-18CF-41B6-806F-A0B28038E799}.Debug|Any CPU.ActiveCfg = Debug|Any CPU
		{3D204282-18CF-41B6-806F-A0B28038E799}.Debug|Any CPU.Build.0 = Debug|Any CPU
		{3D204282-18CF-41B6-806F-A0B28038E799}.Release|Any CPU.ActiveCfg = Release|Any CPU
		{3D204282-18CF-41B6-806F-A0B28038E799}.Release|Any CPU.Build.0 = Release|Any CPU
		{C4CA3488-B00D-4D56-9E13-F76B7AE79C92}.Debug|Any CPU.ActiveCfg = Debug|Any CPU
		{C4CA3488-B00D-4D56-9E13-F76B7AE79C92}.Debug|Any CPU.Build.0 = Debug|Any CPU
		{C4CA3488-B00D-4D56-9E13-F76B7AE79C92}.Release|Any CPU.ActiveCfg = Release|Any CPU
		{C4CA3488-B00D-4D56-9E13-F76B7AE79C92}.Release|Any CPU.Build.0 = Release|Any CPU
		{B7DFCA0F-3297-45DE-8877-1BAE11DDB39F}.Debug|Any CPU.ActiveCfg = Debug|Any CPU
		{B7DFCA0F-3297-45DE-8877-1BAE11DDB39F}.Debug|Any CPU.Build.0 = Debug|Any CPU
		{B7DFCA0F-3297-45DE-8877-1BAE11DDB39F}.Release|Any CPU.ActiveCfg = Release|Any CPU
		{B7DFCA0F-3297-45DE-8877-1BAE11DDB39F}.Release|Any CPU.Build.0 = Release|Any CPU
		{57F651CF-A68F-4A8E-AD9A-68BA3EEBC7D5}.Debug|Any CPU.ActiveCfg = Debug|Any CPU
		{57F651CF-A68F-4A8E-AD9A-68BA3EEBC7D5}.Debug|Any CPU.Build.0 = Debug|Any CPU
		{57F651CF-A68F-4A8E-AD9A-68BA3EEBC7D5}.Release|Any CPU.ActiveCfg = Release|Any CPU
		{57F651CF-A68F-4A8E-AD9A-68BA3EEBC7D5}.Release|Any CPU.Build.0 = Release|Any CPU
		{26AEFDD8-C290-404D-A779-2E64B09C376B}.Debug|Any CPU.ActiveCfg = Debug|Any CPU
		{26AEFDD8-C290-404D-A779-2E64B09C376B}.Debug|Any CPU.Build.0 = Debug|Any CPU
		{26AEFDD8-C290-404D-A779-2E64B09C376B}.Release|Any CPU.ActiveCfg = Release|Any CPU
		{26AEFDD8-C290-404D-A779-2E64B09C376B}.Release|Any CPU.Build.0 = Release|Any CPU
	EndGlobalSection
	GlobalSection(SolutionProperties) = preSolution
		HideSolutionNode = FALSE
	EndGlobalSection
	GlobalSection(NestedProjects) = preSolution
		{C540E3C3-A0BC-4498-862A-9DEEC411220D} = {22C6060D-8CC2-4A14-A24C-6DC79CACA617}
		{22C6060D-8CC2-4A14-A24C-6DC79CACA617} = {62688F22-094A-4268-BFFC-0779F7A4D811}
		{97B7D5AF-9783-4E78-BC2E-3CD04DB458A7} = {62688F22-094A-4268-BFFC-0779F7A4D811}
		{2015005A-F026-448D-9766-D759BE9CC6AF} = {62688F22-094A-4268-BFFC-0779F7A4D811}
		{A0A5C2F6-F3C4-47A7-94A0-CE99ED6DC0FD} = {62688F22-094A-4268-BFFC-0779F7A4D811}
		{6F377DF8-3B11-4296-900B-FEBB61B51832} = {62688F22-094A-4268-BFFC-0779F7A4D811}
		{239C9FC4-50B3-4FBF-BAA3-E26409ED358C} = {A0A5C2F6-F3C4-47A7-94A0-CE99ED6DC0FD}
		{3D204282-18CF-41B6-806F-A0B28038E799} = {A0A5C2F6-F3C4-47A7-94A0-CE99ED6DC0FD}
		{C4CA3488-B00D-4D56-9E13-F76B7AE79C92} = {2015005A-F026-448D-9766-D759BE9CC6AF}
		{B7DFCA0F-3297-45DE-8877-1BAE11DDB39F} = {6F377DF8-3B11-4296-900B-FEBB61B51832}
		{57F651CF-A68F-4A8E-AD9A-68BA3EEBC7D5} = {97B7D5AF-9783-4E78-BC2E-3CD04DB458A7}
		{26AEFDD8-C290-404D-A779-2E64B09C376B} = {97B7D5AF-9783-4E78-BC2E-3CD04DB458A7}
	EndGlobalSection
	GlobalSection(ExtensibilityGlobals) = postSolution
		SolutionGuid = {6B77C9C4-E463-4C0C-8768-9F459C63411B}
	EndGlobalSection
EndGlobal
